
Microsoft Visual Studio Solution File, Format Version 12.00
# Visual Studio 15
VisualStudioVersion = 15.0.26228.102
MinimumVisualStudioVersion = 10.0.40219.1
Project("{FAE04EC0-301F-11D3-BF4B-00C04F79EFBC}") = "EcommerceAngular", "EcommerceAngular\EcommerceAngular.csproj", "{C5FD18E8-7A51-466B-B0E7-B1C8E85A916E}"
EndProject
Project("{FAE04EC0-301F-11D3-BF4B-00C04F79EFBC}") = "EcommerceAPI", "EcommerceAPI\EcommerceAPI.csproj", "{99F2C340-144C-4F70-854C-9CB5EF2E26B0}"
EndProject
Global
	GlobalSection(SolutionConfigurationPlatforms) = preSolution
		Debug|Any CPU = Debug|Any CPU
		Release|Any CPU = Release|Any CPU
	EndGlobalSection
	GlobalSection(ProjectConfigurationPlatforms) = postSolution
		{C5FD18E8-7A51-466B-B0E7-B1C8E85A916E}.Debug|Any CPU.ActiveCfg = Debug|Any CPU
		{C5FD18E8-7A51-466B-B0E7-B1C8E85A916E}.Debug|Any CPU.Build.0 = Debug|Any CPU
		{C5FD18E8-7A51-466B-B0E7-B1C8E85A916E}.Release|Any CPU.ActiveCfg = Release|Any CPU
		{C5FD18E8-7A51-466B-B0E7-B1C8E85A916E}.Release|Any CPU.Build.0 = Release|Any CPU
		{99F2C340-144C-4F70-854C-9CB5EF2E26B0}.Debug|Any CPU.ActiveCfg = Debug|Any CPU
		{99F2C340-144C-4F70-854C-9CB5EF2E26B0}.Debug|Any CPU.Build.0 = Debug|Any CPU
		{99F2C340-144C-4F70-854C-9CB5EF2E26B0}.Release|Any CPU.ActiveCfg = Release|Any CPU
		{99F2C340-144C-4F70-854C-9CB5EF2E26B0}.Release|Any CPU.Build.0 = Release|Any CPU
	EndGlobalSection
	GlobalSection(SolutionProperties) = preSolution
		HideSolutionNode = FALSE
	EndGlobalSection
	GlobalSection(ExtensibilityGlobals) = postSolution
		SolutionGuid = {D7B35226-2DAD-46BF-BA05-7D9B7ADF280E}
	EndGlobalSection
EndGlobal
